
Microsoft Visual Studio Solution File, Format Version 12.00
# Visual Studio Version 17
VisualStudioVersion = 17.1.32421.90
MinimumVisualStudioVersion = 10.0.40219.1
Project("{FAE04EC0-301F-11D3-BF4B-00C04F79EFBC}") = "News Magazine Website", "News Magazine Website.csproj", "{2963632C-C9DB-4FAB-AB4E-7F6B52EA3209}"
EndProject
Global
	GlobalSection(SolutionConfigurationPlatforms) = preSolution
		Debug|Any CPU = Debug|Any CPU
		Release|Any CPU = Release|Any CPU
	EndGlobalSection
	GlobalSection(ProjectConfigurationPlatforms) = postSolution
		{2963632C-C9DB-4FAB-AB4E-7F6B52EA3209}.Debug|Any CPU.ActiveCfg = Debug|Any CPU
		{2963632C-C9DB-4FAB-AB4E-7F6B52EA3209}.Debug|Any CPU.Build.0 = Debug|Any CPU
		{2963632C-C9DB-4FAB-AB4E-7F6B52EA3209}.Release|Any CPU.ActiveCfg = Release|Any CPU
		{2963632C-C9DB-4FAB-AB4E-7F6B52EA3209}.Release|Any CPU.Build.0 = Release|Any CPU
	EndGlobalSection
	GlobalSection(SolutionProperties) = preSolution
		HideSolutionNode = FALSE
	EndGlobalSection
	GlobalSection(ExtensibilityGlobals) = postSolution
		SolutionGuid = {C0B60D2A-81B6-4B06-BCD7-E2B859FF161D}
	EndGlobalSection
EndGlobal
